
Microsoft Visual Studio Solution File, Format Version 12.00
# Visual Studio Version 17
VisualStudioVersion = 17.7.34202.233
MinimumVisualStudioVersion = 10.0.40219.1
Project("{FAE04EC0-301F-11D3-BF4B-00C04F79EFBC}") = "CookieClicker", "CookieClicker\CookieClicker.csproj", "{4679F451-13E0-4351-8D96-18DBBE333792}"
EndProject
Global
	GlobalSection(SolutionConfigurationPlatforms) = preSolution
		Debug|Any CPU = Debug|Any CPU
		Release|Any CPU = Release|Any CPU
	EndGlobalSection
	GlobalSection(ProjectConfigurationPlatforms) = postSolution
		{4679F451-13E0-4351-8D96-18DBBE333792}.Debug|Any CPU.ActiveCfg = Debug|Any CPU
		{4679F451-13E0-4351-8D96-18DBBE333792}.Debug|Any CPU.Build.0 = Debug|Any CPU
		{4679F451-13E0-4351-8D96-18DBBE333792}.Release|Any CPU.ActiveCfg = Release|Any CPU
		{4679F451-13E0-4351-8D96-18DBBE333792}.Release|Any CPU.Build.0 = Release|Any CPU
	EndGlobalSection
	GlobalSection(SolutionProperties) = preSolution
		HideSolutionNode = FALSE
	EndGlobalSection
	GlobalSection(ExtensibilityGlobals) = postSolution
		SolutionGuid = {ABD65BE3-0AE2-4E0B-A744-82C0415ABBE6}
	EndGlobalSection
EndGlobal
